// !$*UTF8*$!
{
	archiveVersion = 1;
	classes = {
	};
	objectVersion = 46;
	objects = {

/* Begin PBXBuildFile section */
		13B07FBC1A68108700A75B9A /* AppDelegate.m in Sources */ = {isa = PBXBuildFile; fileRef = 13B07FB01A68108700A75B9A /* AppDelegate.m */; };
		13B07FBD1A68108700A75B9A /* LaunchScreen.xib in Resources */ = {isa = PBXBuildFile; fileRef = 13B07FB11A68108700A75B9A /* LaunchScreen.xib */; };
		13B07FBF1A68108700A75B9A /* Images.xcassets in Resources */ = {isa = PBXBuildFile; fileRef = 13B07FB51A68108700A75B9A /* Images.xcassets */; };
		13B07FC11A68108700A75B9A /* main.m in Sources */ = {isa = PBXBuildFile; fileRef = 13B07FB71A68108700A75B9A /* main.m */; };
		1793368779B34C03A39581A4 /* Roboto-Light.ttf in Resources */ = {isa = PBXBuildFile; fileRef = 2E31F510EB3F4979B05A7943 /* Roboto-Light.ttf */; };
		3147322F481848D6B86F9DEF /* CerebriSans-Semibold.ttf in Resources */ = {isa = PBXBuildFile; fileRef = 9676911A226C49E59A56EF0C /* CerebriSans-Semibold.ttf */; };
		338955B51FFA4501A3CBB770 /* Roboto-ThinItalic.ttf in Resources */ = {isa = PBXBuildFile; fileRef = 7CA4BF84309E4DDBADB4698D /* Roboto-ThinItalic.ttf */; };
		385AA907F1884AF5A486A796 /* Roboto-BlackItalic.ttf in Resources */ = {isa = PBXBuildFile; fileRef = D56270FD03B34DA2A093B4B4 /* Roboto-BlackItalic.ttf */; };
		3B3C0E87676F4CAA81ADE459 /* CerebriSans-Semibold.svg in Resources */ = {isa = PBXBuildFile; fileRef = 9220155FFD2245D4A9248DB8 /* CerebriSans-Semibold.svg */; };
		3C94580CCA784F2DA26C4CF7 /* CerebriSans-Bold.woff in Resources */ = {isa = PBXBuildFile; fileRef = 0343AEA8DCC64CC18CFF1B45 /* CerebriSans-Bold.woff */; };
		3E461D99554A48A4959DE609 /* SplashScreen.storyboard in Resources */ = {isa = PBXBuildFile; fileRef = AA286B85B6C04FC6940260E9 /* SplashScreen.storyboard */; };
		4590B7996CCF4E3CBE40179C /* Roboto-Black.ttf in Resources */ = {isa = PBXBuildFile; fileRef = 3B9C71B83B7349EFB31773C6 /* Roboto-Black.ttf */; };
		5340C6FD4F3544E5977E481F /* CerebriSans-Regular.ttf in Resources */ = {isa = PBXBuildFile; fileRef = CF33B91CD39947C4A5498507 /* CerebriSans-Regular.ttf */; };
		5560AAFEAC0141F59DAF56C2 /* Roboto-Thin.ttf in Resources */ = {isa = PBXBuildFile; fileRef = 46EBC15BBF9C49ADAD7DEEA8 /* Roboto-Thin.ttf */; };
		5F10CE5825E3ACF900DD720C /* Swatter.swift in Sources */ = {isa = PBXBuildFile; fileRef = 5F10CE5725E3ACF900DD720C /* Swatter.swift */; };
		5F10D06225E3F32A00DD720C /* GoogleService-Info.plist in Resources */ = {isa = PBXBuildFile; fileRef = 5F10D06125E3F32A00DD720C /* GoogleService-Info.plist */; };
		685CEF569C6043008C5CE332 /* CerebriSans-Bold.ttf in Resources */ = {isa = PBXBuildFile; fileRef = 3D8CEAFFE0DE4BE4A030CAB5 /* CerebriSans-Bold.ttf */; };
		6A70C1D82CA84049822C0822 /* Roboto-BoldItalic.ttf in Resources */ = {isa = PBXBuildFile; fileRef = 984E46778C99498AAA4A1DA4 /* Roboto-BoldItalic.ttf */; };
		773213A09BB948CBAA8EAF55 /* CerebriSans-Medium.ttf in Resources */ = {isa = PBXBuildFile; fileRef = EA586E83F54B4088A976E3EB /* CerebriSans-Medium.ttf */; };
		781B4E55D3394D258D838E7B /* CerebriSans-Regular.svg in Resources */ = {isa = PBXBuildFile; fileRef = 057A56244B0042F1B77F435B /* CerebriSans-Regular.svg */; };
		7B087D1EF8194861966C679B /* CerebriSans-Book.svg in Resources */ = {isa = PBXBuildFile; fileRef = 338597F0EE484A068B0A5D9E /* CerebriSans-Book.svg */; };
		7BC39DA100864739BD6140AB /* Roboto-Regular.ttf in Resources */ = {isa = PBXBuildFile; fileRef = 35877F4D4D964C65A964A122 /* Roboto-Regular.ttf */; };
		7BCCB32AB57E4ABAA677DC91 /* CerebriSans-Book.woff in Resources */ = {isa = PBXBuildFile; fileRef = CA3D06B872AC4EED898384E3 /* CerebriSans-Book.woff */; };
		8D97292C54564A6EB2C53064 /* CerebriSans-Semibold.woff in Resources */ = {isa = PBXBuildFile; fileRef = D92081645B2F4724BA62112F /* CerebriSans-Semibold.woff */; };
		96905EF65AED1B983A6B3ABC /* libPods-swatter.a in Frameworks */ = {isa = PBXBuildFile; fileRef = 58EEBF8E8E6FB1BC6CAF49B5 /* libPods-swatter.a */; };
		98C6A7C2788546DEB7DE0C23 /* CerebriSans-Book.ttf in Resources */ = {isa = PBXBuildFile; fileRef = E35AF38201B0437785E139AC /* CerebriSans-Book.ttf */; };
		99630E42432A43169D0626F8 /* Roboto-Italic.ttf in Resources */ = {isa = PBXBuildFile; fileRef = 9D9F2185683E47FFB8A3213D /* Roboto-Italic.ttf */; };
		9ADC80BB0B8F431F901369ED /* CerebriSans-Regular.woff in Resources */ = {isa = PBXBuildFile; fileRef = 84CF252A190B40419A225592 /* CerebriSans-Regular.woff */; };
		A01D48E2F0B84E5E91F37CE6 /* CerebriSans-Medium.woff in Resources */ = {isa = PBXBuildFile; fileRef = C3E184F7AA3143BF9A5BEAB9 /* CerebriSans-Medium.woff */; };
		A333F9CE3BA0464DACE74AE0 /* CerebriSans-Bold.svg in Resources */ = {isa = PBXBuildFile; fileRef = 4D975D62804F4B7A9D87F14B /* CerebriSans-Bold.svg */; };
		A5C8DEC0E6D945228A963DAC /* CerebriSans-Medium.svg in Resources */ = {isa = PBXBuildFile; fileRef = 6692B2AA23F1425992C33A91 /* CerebriSans-Medium.svg */; };
		A66F95F92ED14BFEB05938C2 /* Roboto-LightItalic.ttf in Resources */ = {isa = PBXBuildFile; fileRef = 706280D110754DCCB26195E6 /* Roboto-LightItalic.ttf */; };
		B84A8ECCD9A84337A8817D26 /* Roboto-MediumItalic.ttf in Resources */ = {isa = PBXBuildFile; fileRef = A67B12EC035E4511A3723360 /* Roboto-MediumItalic.ttf */; };
		BB2F792D24A3F905000567C9 /* Expo.plist in Resources */ = {isa = PBXBuildFile; fileRef = BB2F792C24A3F905000567C9 /* Expo.plist */; };
		C16A4FA2CC734EBA9DA0E9F6 /* Roboto-Bold.ttf in Resources */ = {isa = PBXBuildFile; fileRef = 290CFF7798084025BF7DD3B2 /* Roboto-Bold.ttf */; };
		D01C5F6DF5654B5D9DA767C8 /* Roboto-Medium.ttf in Resources */ = {isa = PBXBuildFile; fileRef = 6B8DFCBB75DC40E7A95086CD /* Roboto-Medium.ttf */; };
/* End PBXBuildFile section */

/* Begin PBXFileReference section */
		008F07F21AC5B25A0029DE68 /* main.jsbundle */ = {isa = PBXFileReference; fileEncoding = 4; lastKnownFileType = text; path = main.jsbundle; sourceTree = "<group>"; };
		0343AEA8DCC64CC18CFF1B45 /* CerebriSans-Bold.woff */ = {isa = PBXFileReference; explicitFileType = undefined; fileEncoding = 9; includeInIndex = 0; lastKnownFileType = unknown; name = "CerebriSans-Bold.woff"; path = "../assets/fonts/CerebriSans-Bold.woff"; sourceTree = "<group>"; };
		057A56244B0042F1B77F435B /* CerebriSans-Regular.svg */ = {isa = PBXFileReference; explicitFileType = undefined; fileEncoding = 9; includeInIndex = 0; lastKnownFileType = unknown; name = "CerebriSans-Regular.svg"; path = "../assets/fonts/CerebriSans-Regular.svg"; sourceTree = "<group>"; };
		13B07F961A680F5B00A75B9A /* swatter.app */ = {isa = PBXFileReference; explicitFileType = wrapper.application; includeInIndex = 0; path = swatter.app; sourceTree = BUILT_PRODUCTS_DIR; };
		13B07FAF1A68108700A75B9A /* AppDelegate.h */ = {isa = PBXFileReference; fileEncoding = 4; lastKnownFileType = sourcecode.c.h; name = AppDelegate.h; path = swatter/AppDelegate.h; sourceTree = "<group>"; };
		13B07FB01A68108700A75B9A /* AppDelegate.m */ = {isa = PBXFileReference; fileEncoding = 4; lastKnownFileType = sourcecode.c.objc; name = AppDelegate.m; path = swatter/AppDelegate.m; sourceTree = "<group>"; };
		13B07FB21A68108700A75B9A /* Base */ = {isa = PBXFileReference; lastKnownFileType = file.xib; name = Base; path = Base.lproj/LaunchScreen.xib; sourceTree = "<group>"; };
		13B07FB51A68108700A75B9A /* Images.xcassets */ = {isa = PBXFileReference; lastKnownFileType = folder.assetcatalog; name = Images.xcassets; path = swatter/Images.xcassets; sourceTree = "<group>"; };
		13B07FB61A68108700A75B9A /* Info.plist */ = {isa = PBXFileReference; fileEncoding = 4; lastKnownFileType = text.plist.xml; name = Info.plist; path = swatter/Info.plist; sourceTree = "<group>"; };
		13B07FB71A68108700A75B9A /* main.m */ = {isa = PBXFileReference; fileEncoding = 4; lastKnownFileType = sourcecode.c.objc; name = main.m; path = swatter/main.m; sourceTree = "<group>"; };
		290CFF7798084025BF7DD3B2 /* Roboto-Bold.ttf */ = {isa = PBXFileReference; explicitFileType = undefined; fileEncoding = 9; includeInIndex = 0; lastKnownFileType = unknown; name = "Roboto-Bold.ttf"; path = "../assets/fonts/Roboto-Bold.ttf"; sourceTree = "<group>"; };
		2E31F510EB3F4979B05A7943 /* Roboto-Light.ttf */ = {isa = PBXFileReference; explicitFileType = undefined; fileEncoding = 9; includeInIndex = 0; lastKnownFileType = unknown; name = "Roboto-Light.ttf"; path = "../assets/fonts/Roboto-Light.ttf"; sourceTree = "<group>"; };
		338597F0EE484A068B0A5D9E /* CerebriSans-Book.svg */ = {isa = PBXFileReference; explicitFileType = undefined; fileEncoding = 9; includeInIndex = 0; lastKnownFileType = unknown; name = "CerebriSans-Book.svg"; path = "../assets/fonts/CerebriSans-Book.svg"; sourceTree = "<group>"; };
		35877F4D4D964C65A964A122 /* Roboto-Regular.ttf */ = {isa = PBXFileReference; explicitFileType = undefined; fileEncoding = 9; includeInIndex = 0; lastKnownFileType = unknown; name = "Roboto-Regular.ttf"; path = "../assets/fonts/Roboto-Regular.ttf"; sourceTree = "<group>"; };
		3B9C71B83B7349EFB31773C6 /* Roboto-Black.ttf */ = {isa = PBXFileReference; explicitFileType = undefined; fileEncoding = 9; includeInIndex = 0; lastKnownFileType = unknown; name = "Roboto-Black.ttf"; path = "../assets/fonts/Roboto-Black.ttf"; sourceTree = "<group>"; };
		3D8CEAFFE0DE4BE4A030CAB5 /* CerebriSans-Bold.ttf */ = {isa = PBXFileReference; explicitFileType = undefined; fileEncoding = 9; includeInIndex = 0; lastKnownFileType = unknown; name = "CerebriSans-Bold.ttf"; path = "../assets/fonts/CerebriSans-Bold.ttf"; sourceTree = "<group>"; };
		46EBC15BBF9C49ADAD7DEEA8 /* Roboto-Thin.ttf */ = {isa = PBXFileReference; explicitFileType = undefined; fileEncoding = 9; includeInIndex = 0; lastKnownFileType = unknown; name = "Roboto-Thin.ttf"; path = "../assets/fonts/Roboto-Thin.ttf"; sourceTree = "<group>"; };
		4D975D62804F4B7A9D87F14B /* CerebriSans-Bold.svg */ = {isa = PBXFileReference; explicitFileType = undefined; fileEncoding = 9; includeInIndex = 0; lastKnownFileType = unknown; name = "CerebriSans-Bold.svg"; path = "../assets/fonts/CerebriSans-Bold.svg"; sourceTree = "<group>"; };
		58EEBF8E8E6FB1BC6CAF49B5 /* libPods-swatter.a */ = {isa = PBXFileReference; explicitFileType = archive.ar; includeInIndex = 0; path = "libPods-swatter.a"; sourceTree = BUILT_PRODUCTS_DIR; };
		5F10CE5625E3ACF800DD720C /* swatter-Bridging-Header.h */ = {isa = PBXFileReference; lastKnownFileType = sourcecode.c.h; path = "swatter-Bridging-Header.h"; sourceTree = "<group>"; };
		5F10CE5725E3ACF900DD720C /* Swatter.swift */ = {isa = PBXFileReference; lastKnownFileType = sourcecode.swift; path = Swatter.swift; sourceTree = "<group>"; };
		5F10D06125E3F32A00DD720C /* GoogleService-Info.plist */ = {isa = PBXFileReference; fileEncoding = 4; lastKnownFileType = text.plist.xml; name = "GoogleService-Info.plist"; path = "../../Downloads/GoogleService-Info.plist"; sourceTree = "<group>"; };
		6692B2AA23F1425992C33A91 /* CerebriSans-Medium.svg */ = {isa = PBXFileReference; explicitFileType = undefined; fileEncoding = 9; includeInIndex = 0; lastKnownFileType = unknown; name = "CerebriSans-Medium.svg"; path = "../assets/fonts/CerebriSans-Medium.svg"; sourceTree = "<group>"; };
		6B8DFCBB75DC40E7A95086CD /* Roboto-Medium.ttf */ = {isa = PBXFileReference; explicitFileType = undefined; fileEncoding = 9; includeInIndex = 0; lastKnownFileType = unknown; name = "Roboto-Medium.ttf"; path = "../assets/fonts/Roboto-Medium.ttf"; sourceTree = "<group>"; };
		6C2E3173556A471DD304B334 /* Pods-swatter.debug.xcconfig */ = {isa = PBXFileReference; includeInIndex = 1; lastKnownFileType = text.xcconfig; name = "Pods-swatter.debug.xcconfig"; path = "Target Support Files/Pods-swatter/Pods-swatter.debug.xcconfig"; sourceTree = "<group>"; };
		706280D110754DCCB26195E6 /* Roboto-LightItalic.ttf */ = {isa = PBXFileReference; explicitFileType = undefined; fileEncoding = 9; includeInIndex = 0; lastKnownFileType = unknown; name = "Roboto-LightItalic.ttf"; path = "../assets/fonts/Roboto-LightItalic.ttf"; sourceTree = "<group>"; };
		7A4D352CD337FB3A3BF06240 /* Pods-swatter.release.xcconfig */ = {isa = PBXFileReference; includeInIndex = 1; lastKnownFileType = text.xcconfig; name = "Pods-swatter.release.xcconfig"; path = "Target Support Files/Pods-swatter/Pods-swatter.release.xcconfig"; sourceTree = "<group>"; };
		7CA4BF84309E4DDBADB4698D /* Roboto-ThinItalic.ttf */ = {isa = PBXFileReference; explicitFileType = undefined; fileEncoding = 9; includeInIndex = 0; lastKnownFileType = unknown; name = "Roboto-ThinItalic.ttf"; path = "../assets/fonts/Roboto-ThinItalic.ttf"; sourceTree = "<group>"; };
		84CF252A190B40419A225592 /* CerebriSans-Regular.woff */ = {isa = PBXFileReference; explicitFileType = undefined; fileEncoding = 9; includeInIndex = 0; lastKnownFileType = unknown; name = "CerebriSans-Regular.woff"; path = "../assets/fonts/CerebriSans-Regular.woff"; sourceTree = "<group>"; };
		9220155FFD2245D4A9248DB8 /* CerebriSans-Semibold.svg */ = {isa = PBXFileReference; explicitFileType = undefined; fileEncoding = 9; includeInIndex = 0; lastKnownFileType = unknown; name = "CerebriSans-Semibold.svg"; path = "../assets/fonts/CerebriSans-Semibold.svg"; sourceTree = "<group>"; };
		9676911A226C49E59A56EF0C /* CerebriSans-Semibold.ttf */ = {isa = PBXFileReference; explicitFileType = undefined; fileEncoding = 9; includeInIndex = 0; lastKnownFileType = unknown; name = "CerebriSans-Semibold.ttf"; path = "../assets/fonts/CerebriSans-Semibold.ttf"; sourceTree = "<group>"; };
		984E46778C99498AAA4A1DA4 /* Roboto-BoldItalic.ttf */ = {isa = PBXFileReference; explicitFileType = undefined; fileEncoding = 9; includeInIndex = 0; lastKnownFileType = unknown; name = "Roboto-BoldItalic.ttf"; path = "../assets/fonts/Roboto-BoldItalic.ttf"; sourceTree = "<group>"; };
		9D9F2185683E47FFB8A3213D /* Roboto-Italic.ttf */ = {isa = PBXFileReference; explicitFileType = undefined; fileEncoding = 9; includeInIndex = 0; lastKnownFileType = unknown; name = "Roboto-Italic.ttf"; path = "../assets/fonts/Roboto-Italic.ttf"; sourceTree = "<group>"; };
		A67B12EC035E4511A3723360 /* Roboto-MediumItalic.ttf */ = {isa = PBXFileReference; explicitFileType = undefined; fileEncoding = 9; includeInIndex = 0; lastKnownFileType = unknown; name = "Roboto-MediumItalic.ttf"; path = "../assets/fonts/Roboto-MediumItalic.ttf"; sourceTree = "<group>"; };
		AA286B85B6C04FC6940260E9 /* SplashScreen.storyboard */ = {isa = PBXFileReference; fileEncoding = 4; lastKnownFileType = file.storyboard; name = SplashScreen.storyboard; path = swatter/SplashScreen.storyboard; sourceTree = "<group>"; };
		BB2F792C24A3F905000567C9 /* Expo.plist */ = {isa = PBXFileReference; fileEncoding = 4; lastKnownFileType = text.plist.xml; path = Expo.plist; sourceTree = "<group>"; };
		C3E184F7AA3143BF9A5BEAB9 /* CerebriSans-Medium.woff */ = {isa = PBXFileReference; explicitFileType = undefined; fileEncoding = 9; includeInIndex = 0; lastKnownFileType = unknown; name = "CerebriSans-Medium.woff"; path = "../assets/fonts/CerebriSans-Medium.woff"; sourceTree = "<group>"; };
		CA3D06B872AC4EED898384E3 /* CerebriSans-Book.woff */ = {isa = PBXFileReference; explicitFileType = undefined; fileEncoding = 9; includeInIndex = 0; lastKnownFileType = unknown; name = "CerebriSans-Book.woff"; path = "../assets/fonts/CerebriSans-Book.woff"; sourceTree = "<group>"; };
		CF33B91CD39947C4A5498507 /* CerebriSans-Regular.ttf */ = {isa = PBXFileReference; explicitFileType = undefined; fileEncoding = 9; includeInIndex = 0; lastKnownFileType = unknown; name = "CerebriSans-Regular.ttf"; path = "../assets/fonts/CerebriSans-Regular.ttf"; sourceTree = "<group>"; };
		D56270FD03B34DA2A093B4B4 /* Roboto-BlackItalic.ttf */ = {isa = PBXFileReference; explicitFileType = undefined; fileEncoding = 9; includeInIndex = 0; lastKnownFileType = unknown; name = "Roboto-BlackItalic.ttf"; path = "../assets/fonts/Roboto-BlackItalic.ttf"; sourceTree = "<group>"; };
		D92081645B2F4724BA62112F /* CerebriSans-Semibold.woff */ = {isa = PBXFileReference; explicitFileType = undefined; fileEncoding = 9; includeInIndex = 0; lastKnownFileType = unknown; name = "CerebriSans-Semibold.woff"; path = "../assets/fonts/CerebriSans-Semibold.woff"; sourceTree = "<group>"; };
		E35AF38201B0437785E139AC /* CerebriSans-Book.ttf */ = {isa = PBXFileReference; explicitFileType = undefined; fileEncoding = 9; includeInIndex = 0; lastKnownFileType = unknown; name = "CerebriSans-Book.ttf"; path = "../assets/fonts/CerebriSans-Book.ttf"; sourceTree = "<group>"; };
		EA586E83F54B4088A976E3EB /* CerebriSans-Medium.ttf */ = {isa = PBXFileReference; explicitFileType = undefined; fileEncoding = 9; includeInIndex = 0; lastKnownFileType = unknown; name = "CerebriSans-Medium.ttf"; path = "../assets/fonts/CerebriSans-Medium.ttf"; sourceTree = "<group>"; };
		ED297162215061F000B7C4FE /* JavaScriptCore.framework */ = {isa = PBXFileReference; lastKnownFileType = wrapper.framework; name = JavaScriptCore.framework; path = System/Library/Frameworks/JavaScriptCore.framework; sourceTree = SDKROOT; };
		ED2971642150620600B7C4FE /* JavaScriptCore.framework */ = {isa = PBXFileReference; lastKnownFileType = wrapper.framework; name = JavaScriptCore.framework; path = Platforms/AppleTVOS.platform/Developer/SDKs/AppleTVOS12.0.sdk/System/Library/Frameworks/JavaScriptCore.framework; sourceTree = DEVELOPER_DIR; };
/* End PBXFileReference section */

/* Begin PBXFrameworksBuildPhase section */
		13B07F8C1A680F5B00A75B9A /* Frameworks */ = {
			isa = PBXFrameworksBuildPhase;
			buildActionMask = 2147483647;
			files = (
				96905EF65AED1B983A6B3ABC /* libPods-swatter.a in Frameworks */,
			);
			runOnlyForDeploymentPostprocessing = 0;
		};
/* End PBXFrameworksBuildPhase section */

/* Begin PBXGroup section */
		13B07FAE1A68108700A75B9A /* swatter */ = {
			isa = PBXGroup;
			children = (
				BB2F792B24A3F905000567C9 /* Supporting */,
				008F07F21AC5B25A0029DE68 /* main.jsbundle */,
				13B07FAF1A68108700A75B9A /* AppDelegate.h */,
				5F10D06125E3F32A00DD720C /* GoogleService-Info.plist */,
				13B07FB01A68108700A75B9A /* AppDelegate.m */,
				13B07FB51A68108700A75B9A /* Images.xcassets */,
				13B07FB61A68108700A75B9A /* Info.plist */,
				13B07FB11A68108700A75B9A /* LaunchScreen.xib */,
				13B07FB71A68108700A75B9A /* main.m */,
				AA286B85B6C04FC6940260E9 /* SplashScreen.storyboard */,
			);
			name = swatter;
			sourceTree = "<group>";
		};
		2D16E6871FA4F8E400B85C8A /* Frameworks */ = {
			isa = PBXGroup;
			children = (
				ED297162215061F000B7C4FE /* JavaScriptCore.framework */,
				ED2971642150620600B7C4FE /* JavaScriptCore.framework */,
				58EEBF8E8E6FB1BC6CAF49B5 /* libPods-swatter.a */,
			);
			name = Frameworks;
			sourceTree = "<group>";
		};
		832341AE1AAA6A7D00B99B32 /* Libraries */ = {
			isa = PBXGroup;
			children = (
			);
			name = Libraries;
			sourceTree = "<group>";
		};
		83CBB9F61A601CBA00E9B192 = {
			isa = PBXGroup;
			children = (
				5F10CE5725E3ACF900DD720C /* Swatter.swift */,
				13B07FAE1A68108700A75B9A /* swatter */,
				832341AE1AAA6A7D00B99B32 /* Libraries */,
				83CBBA001A601CBA00E9B192 /* Products */,
				2D16E6871FA4F8E400B85C8A /* Frameworks */,
				D65327D7A22EEC0BE12398D9 /* Pods */,
				F6D85BD9C52148A2BFAAF71B /* Resources */,
				5F10CE5625E3ACF800DD720C /* swatter-Bridging-Header.h */,
			);
			indentWidth = 2;
			sourceTree = "<group>";
			tabWidth = 2;
			usesTabs = 0;
		};
		83CBBA001A601CBA00E9B192 /* Products */ = {
			isa = PBXGroup;
			children = (
				13B07F961A680F5B00A75B9A /* swatter.app */,
			);
			name = Products;
			sourceTree = "<group>";
		};
		BB2F792B24A3F905000567C9 /* Supporting */ = {
			isa = PBXGroup;
			children = (
				BB2F792C24A3F905000567C9 /* Expo.plist */,
			);
			name = Supporting;
			path = swatter/Supporting;
			sourceTree = "<group>";
		};
		D65327D7A22EEC0BE12398D9 /* Pods */ = {
			isa = PBXGroup;
			children = (
				6C2E3173556A471DD304B334 /* Pods-swatter.debug.xcconfig */,
				7A4D352CD337FB3A3BF06240 /* Pods-swatter.release.xcconfig */,
			);
			path = Pods;
			sourceTree = "<group>";
		};
		F6D85BD9C52148A2BFAAF71B /* Resources */ = {
			isa = PBXGroup;
			children = (
				4D975D62804F4B7A9D87F14B /* CerebriSans-Bold.svg */,
				338597F0EE484A068B0A5D9E /* CerebriSans-Book.svg */,
				6692B2AA23F1425992C33A91 /* CerebriSans-Medium.svg */,
				057A56244B0042F1B77F435B /* CerebriSans-Regular.svg */,
				9220155FFD2245D4A9248DB8 /* CerebriSans-Semibold.svg */,
				3D8CEAFFE0DE4BE4A030CAB5 /* CerebriSans-Bold.ttf */,
				0343AEA8DCC64CC18CFF1B45 /* CerebriSans-Bold.woff */,
				E35AF38201B0437785E139AC /* CerebriSans-Book.ttf */,
				CA3D06B872AC4EED898384E3 /* CerebriSans-Book.woff */,
				EA586E83F54B4088A976E3EB /* CerebriSans-Medium.ttf */,
				C3E184F7AA3143BF9A5BEAB9 /* CerebriSans-Medium.woff */,
				CF33B91CD39947C4A5498507 /* CerebriSans-Regular.ttf */,
				84CF252A190B40419A225592 /* CerebriSans-Regular.woff */,
				9676911A226C49E59A56EF0C /* CerebriSans-Semibold.ttf */,
				D92081645B2F4724BA62112F /* CerebriSans-Semibold.woff */,
				3B9C71B83B7349EFB31773C6 /* Roboto-Black.ttf */,
				D56270FD03B34DA2A093B4B4 /* Roboto-BlackItalic.ttf */,
				290CFF7798084025BF7DD3B2 /* Roboto-Bold.ttf */,
				984E46778C99498AAA4A1DA4 /* Roboto-BoldItalic.ttf */,
				9D9F2185683E47FFB8A3213D /* Roboto-Italic.ttf */,
				2E31F510EB3F4979B05A7943 /* Roboto-Light.ttf */,
				706280D110754DCCB26195E6 /* Roboto-LightItalic.ttf */,
				6B8DFCBB75DC40E7A95086CD /* Roboto-Medium.ttf */,
				A67B12EC035E4511A3723360 /* Roboto-MediumItalic.ttf */,
				35877F4D4D964C65A964A122 /* Roboto-Regular.ttf */,
				46EBC15BBF9C49ADAD7DEEA8 /* Roboto-Thin.ttf */,
				7CA4BF84309E4DDBADB4698D /* Roboto-ThinItalic.ttf */,
			);
			name = Resources;
			sourceTree = "<group>";
		};
/* End PBXGroup section */

/* Begin PBXNativeTarget section */
		13B07F861A680F5B00A75B9A /* swatter */ = {
			isa = PBXNativeTarget;
			buildConfigurationList = 13B07F931A680F5B00A75B9A /* Build configuration list for PBXNativeTarget "swatter" */;
			buildPhases = (
				08A4A3CD28434E44B6B9DE2E /* [CP] Check Pods Manifest.lock */,
				FD10A7F022414F080027D42C /* Start Packager */,
				13B07F871A680F5B00A75B9A /* Sources */,
				13B07F8C1A680F5B00A75B9A /* Frameworks */,
				13B07F8E1A680F5B00A75B9A /* Resources */,
				00DD1BFF1BD5951E006B06BC /* Bundle React Native code and images */,
				800E24972A6A228C8D4807E9 /* [CP] Copy Pods Resources */,
			);
			buildRules = (
			);
			dependencies = (
			);
			name = swatter;
			productName = swatter;
			productReference = 13B07F961A680F5B00A75B9A /* swatter.app */;
			productType = "com.apple.product-type.application";
		};
/* End PBXNativeTarget section */

/* Begin PBXProject section */
		83CBB9F71A601CBA00E9B192 /* Project object */ = {
			isa = PBXProject;
			attributes = {
				LastUpgradeCheck = 1130;
				TargetAttributes = {
					13B07F861A680F5B00A75B9A = {
						DevelopmentTeam = 9KKYM5V8F6;
						LastSwiftMigration = 1240;
					};
				};
			};
			buildConfigurationList = 83CBB9FA1A601CBA00E9B192 /* Build configuration list for PBXProject "swatter" */;
			compatibilityVersion = "Xcode 3.2";
			developmentRegion = en;
			hasScannedForEncodings = 0;
			knownRegions = (
				en,
				Base,
			);
			mainGroup = 83CBB9F61A601CBA00E9B192;
			productRefGroup = 83CBBA001A601CBA00E9B192 /* Products */;
			projectDirPath = "";
			projectRoot = "";
			targets = (
				13B07F861A680F5B00A75B9A /* swatter */,
			);
		};
/* End PBXProject section */

/* Begin PBXResourcesBuildPhase section */
		13B07F8E1A680F5B00A75B9A /* Resources */ = {
			isa = PBXResourcesBuildPhase;
			buildActionMask = 2147483647;
			files = (
				BB2F792D24A3F905000567C9 /* Expo.plist in Resources */,
				13B07FBF1A68108700A75B9A /* Images.xcassets in Resources */,
				13B07FBD1A68108700A75B9A /* LaunchScreen.xib in Resources */,
				3E461D99554A48A4959DE609 /* SplashScreen.storyboard in Resources */,
				A333F9CE3BA0464DACE74AE0 /* CerebriSans-Bold.svg in Resources */,
				7B087D1EF8194861966C679B /* CerebriSans-Book.svg in Resources */,
				A5C8DEC0E6D945228A963DAC /* CerebriSans-Medium.svg in Resources */,
				781B4E55D3394D258D838E7B /* CerebriSans-Regular.svg in Resources */,
				3B3C0E87676F4CAA81ADE459 /* CerebriSans-Semibold.svg in Resources */,
				685CEF569C6043008C5CE332 /* CerebriSans-Bold.ttf in Resources */,
				3C94580CCA784F2DA26C4CF7 /* CerebriSans-Bold.woff in Resources */,
				98C6A7C2788546DEB7DE0C23 /* CerebriSans-Book.ttf in Resources */,
				7BCCB32AB57E4ABAA677DC91 /* CerebriSans-Book.woff in Resources */,
				773213A09BB948CBAA8EAF55 /* CerebriSans-Medium.ttf in Resources */,
				A01D48E2F0B84E5E91F37CE6 /* CerebriSans-Medium.woff in Resources */,
				5340C6FD4F3544E5977E481F /* CerebriSans-Regular.ttf in Resources */,
				9ADC80BB0B8F431F901369ED /* CerebriSans-Regular.woff in Resources */,
				3147322F481848D6B86F9DEF /* CerebriSans-Semibold.ttf in Resources */,
				8D97292C54564A6EB2C53064 /* CerebriSans-Semibold.woff in Resources */,
				4590B7996CCF4E3CBE40179C /* Roboto-Black.ttf in Resources */,
				385AA907F1884AF5A486A796 /* Roboto-BlackItalic.ttf in Resources */,
				C16A4FA2CC734EBA9DA0E9F6 /* Roboto-Bold.ttf in Resources */,
				6A70C1D82CA84049822C0822 /* Roboto-BoldItalic.ttf in Resources */,
				99630E42432A43169D0626F8 /* Roboto-Italic.ttf in Resources */,
				1793368779B34C03A39581A4 /* Roboto-Light.ttf in Resources */,
				5F10D06225E3F32A00DD720C /* GoogleService-Info.plist in Resources */,
				A66F95F92ED14BFEB05938C2 /* Roboto-LightItalic.ttf in Resources */,
				D01C5F6DF5654B5D9DA767C8 /* Roboto-Medium.ttf in Resources */,
				B84A8ECCD9A84337A8817D26 /* Roboto-MediumItalic.ttf in Resources */,
				7BC39DA100864739BD6140AB /* Roboto-Regular.ttf in Resources */,
				5560AAFEAC0141F59DAF56C2 /* Roboto-Thin.ttf in Resources */,
				338955B51FFA4501A3CBB770 /* Roboto-ThinItalic.ttf in Resources */,
			);
			runOnlyForDeploymentPostprocessing = 0;
		};
/* End PBXResourcesBuildPhase section */

/* Begin PBXShellScriptBuildPhase section */
		00DD1BFF1BD5951E006B06BC /* Bundle React Native code and images */ = {
			isa = PBXShellScriptBuildPhase;
			buildActionMask = 2147483647;
			files = (
			);
			inputPaths = (
			);
			name = "Bundle React Native code and images";
			outputPaths = (
			);
			runOnlyForDeploymentPostprocessing = 0;
			shellPath = /bin/sh;
			shellScript = "export NODE_BINARY=node\n../node_modules/react-native/scripts/react-native-xcode.sh\n../node_modules/expo-constants/scripts/get-app-config-ios.sh\n../node_modules/expo-updates/scripts/create-manifest-ios.sh\n";
		};
		08A4A3CD28434E44B6B9DE2E /* [CP] Check Pods Manifest.lock */ = {
			isa = PBXShellScriptBuildPhase;
			buildActionMask = 2147483647;
			files = (
			);
			inputFileListPaths = (
			);
			inputPaths = (
				"${PODS_PODFILE_DIR_PATH}/Podfile.lock",
				"${PODS_ROOT}/Manifest.lock",
			);
			name = "[CP] Check Pods Manifest.lock";
			outputFileListPaths = (
			);
			outputPaths = (
				"$(DERIVED_FILE_DIR)/Pods-swatter-checkManifestLockResult.txt",
			);
			runOnlyForDeploymentPostprocessing = 0;
			shellPath = /bin/sh;
			shellScript = "diff \"${PODS_PODFILE_DIR_PATH}/Podfile.lock\" \"${PODS_ROOT}/Manifest.lock\" > /dev/null\nif [ $? != 0 ] ; then\n    # print error to STDERR\n    echo \"error: The sandbox is not in sync with the Podfile.lock. Run 'pod install' or update your CocoaPods installation.\" >&2\n    exit 1\nfi\n# This output is used by Xcode 'outputs' to avoid re-running this script phase.\necho \"SUCCESS\" > \"${SCRIPT_OUTPUT_FILE_0}\"\n";
			showEnvVarsInLog = 0;
		};
		800E24972A6A228C8D4807E9 /* [CP] Copy Pods Resources */ = {
			isa = PBXShellScriptBuildPhase;
			buildActionMask = 2147483647;
			files = (
			);
			inputPaths = (
				"${PODS_ROOT}/Target Support Files/Pods-swatter/Pods-swatter-resources.sh",
				"${PODS_CONFIGURATION_BUILD_DIR}/React-Core/AccessibilityResources.bundle",
				"${PODS_CONFIGURATION_BUILD_DIR}/web3swift/Browser.bundle",
			);
			name = "[CP] Copy Pods Resources";
			outputPaths = (
				"${TARGET_BUILD_DIR}/${UNLOCALIZED_RESOURCES_FOLDER_PATH}/AccessibilityResources.bundle",
				"${TARGET_BUILD_DIR}/${UNLOCALIZED_RESOURCES_FOLDER_PATH}/Browser.bundle",
			);
			runOnlyForDeploymentPostprocessing = 0;
			shellPath = /bin/sh;
			shellScript = "\"${PODS_ROOT}/Target Support Files/Pods-swatter/Pods-swatter-resources.sh\"\n";
			showEnvVarsInLog = 0;
		};
		FD10A7F022414F080027D42C /* Start Packager */ = {
			isa = PBXShellScriptBuildPhase;
			buildActionMask = 2147483647;
			files = (
			);
			inputFileListPaths = (
			);
			inputPaths = (
			);
			name = "Start Packager";
			outputFileListPaths = (
			);
			outputPaths = (
			);
			runOnlyForDeploymentPostprocessing = 0;
			shellPath = /bin/sh;
			shellScript = "export RCT_METRO_PORT=\"${RCT_METRO_PORT:=8081}\"\necho \"export RCT_METRO_PORT=${RCT_METRO_PORT}\" > \"${SRCROOT}/../node_modules/react-native/scripts/.packager.env\"\nif [ -z \"${RCT_NO_LAUNCH_PACKAGER+xxx}\" ] ; then\n  if nc -w 5 -z localhost ${RCT_METRO_PORT} ; then\n    if ! curl -s \"http://localhost:${RCT_METRO_PORT}/status\" | grep -q \"packager-status:running\" ; then\n      echo \"Port ${RCT_METRO_PORT} already in use, packager is either not running or not running correctly\"\n      exit 2\n    fi\n  else\n    open \"$SRCROOT/../node_modules/react-native/scripts/launchPackager.command\" || echo \"Can't start packager automatically\"\n  fi\nfi\n";
			showEnvVarsInLog = 0;
		};
/* End PBXShellScriptBuildPhase section */

/* Begin PBXSourcesBuildPhase section */
		13B07F871A680F5B00A75B9A /* Sources */ = {
			isa = PBXSourcesBuildPhase;
			buildActionMask = 2147483647;
			files = (
				13B07FBC1A68108700A75B9A /* AppDelegate.m in Sources */,
				13B07FC11A68108700A75B9A /* main.m in Sources */,
				5F10CE5825E3ACF900DD720C /* Swatter.swift in Sources */,
			);
			runOnlyForDeploymentPostprocessing = 0;
		};
/* End PBXSourcesBuildPhase section */

/* Begin PBXVariantGroup section */
		13B07FB11A68108700A75B9A /* LaunchScreen.xib */ = {
			isa = PBXVariantGroup;
			children = (
				13B07FB21A68108700A75B9A /* Base */,
			);
			name = LaunchScreen.xib;
			path = swatter;
			sourceTree = "<group>";
		};
/* End PBXVariantGroup section */

/* Begin XCBuildConfiguration section */
		13B07F941A680F5B00A75B9A /* Debug */ = {
			isa = XCBuildConfiguration;
			baseConfigurationReference = 6C2E3173556A471DD304B334 /* Pods-swatter.debug.xcconfig */;
			buildSettings = {
				ASSETCATALOG_COMPILER_APPICON_NAME = AppIcon;
				CLANG_ENABLE_MODULES = YES;
				CODE_SIGN_ENTITLEMENTS = swatter/swatter.entitlements;
				CURRENT_PROJECT_VERSION = 1;
				DEVELOPMENT_TEAM = 9KKYM5V8F6;
				ENABLE_BITCODE = NO;
				"EXCLUDED_ARCHS[sdk=iphonesimulator*]" = arm64;
				GCC_PREPROCESSOR_DEFINITIONS = (
					"$(inherited)",
					"FB_SONARKIT_ENABLED=1",
				);
				INFOPLIST_FILE = swatter/Info.plist;
				IPHONEOS_DEPLOYMENT_TARGET = 11.0;
				LD_RUNPATH_SEARCH_PATHS = "$(inherited) @executable_path/Frameworks";
				OTHER_LDFLAGS = (
					"$(inherited)",
					"-ObjC",
					"-lc++",
				);
				PRODUCT_BUNDLE_IDENTIFIER = com.potato.swatter;
				PRODUCT_NAME = swatter;
				SWIFT_OBJC_BRIDGING_HEADER = "swatter-Bridging-Header.h";
				SWIFT_OPTIMIZATION_LEVEL = "-Onone";
				SWIFT_VERSION = 5.0;
				TARGETED_DEVICE_FAMILY = "1,2";
				VERSIONING_SYSTEM = "apple-generic";
			};
			name = Debug;
		};
		13B07F951A680F5B00A75B9A /* Release */ = {
			isa = XCBuildConfiguration;
			baseConfigurationReference = 7A4D352CD337FB3A3BF06240 /* Pods-swatter.release.xcconfig */;
			buildSettings = {
				ASSETCATALOG_COMPILER_APPICON_NAME = AppIcon;
				CLANG_ENABLE_MODULES = YES;
				CODE_SIGN_ENTITLEMENTS = swatter/swatter.entitlements;
				CURRENT_PROJECT_VERSION = 1;
				DEVELOPMENT_TEAM = 9KKYM5V8F6;
				"EXCLUDED_ARCHS[sdk=iphonesimulator*]" = arm64;
				INFOPLIST_FILE = swatter/Info.plist;
				IPHONEOS_DEPLOYMENT_TARGET = 11.0;
				LD_RUNPATH_SEARCH_PATHS = "$(inherited) @executable_path/Frameworks";
				OTHER_LDFLAGS = (
					"$(inherited)",
					"-ObjC",
					"-lc++",
				);
				PRODUCT_BUNDLE_IDENTIFIER = com.potato.swatter;
				PRODUCT_NAME = swatter;
				SWIFT_OBJC_BRIDGING_HEADER = "swatter-Bridging-Header.h";
				SWIFT_VERSION = 5.0;
				TARGETED_DEVICE_FAMILY = "1,2";
				VERSIONING_SYSTEM = "apple-generic";
			};
			name = Release;
		};
		83CBBA201A601CBA00E9B192 /* Debug */ = {
			isa = XCBuildConfiguration;
			buildSettings = {
				ALWAYS_SEARCH_USER_PATHS = NO;
				CLANG_ANALYZER_LOCALIZABILITY_NONLOCALIZED = YES;
				CLANG_CXX_LANGUAGE_STANDARD = "gnu++0x";
				CLANG_CXX_LIBRARY = "libc++";
				CLANG_ENABLE_MODULES = YES;
				CLANG_ENABLE_OBJC_ARC = YES;
				CLANG_WARN_BLOCK_CAPTURE_AUTORELEASING = YES;
				CLANG_WARN_BOOL_CONVERSION = YES;
				CLANG_WARN_COMMA = YES;
				CLANG_WARN_CONSTANT_CONVERSION = YES;
				CLANG_WARN_DEPRECATED_OBJC_IMPLEMENTATIONS = YES;
				CLANG_WARN_DIRECT_OBJC_ISA_USAGE = YES_ERROR;
				CLANG_WARN_EMPTY_BODY = YES;
				CLANG_WARN_ENUM_CONVERSION = YES;
				CLANG_WARN_INFINITE_RECURSION = YES;
				CLANG_WARN_INT_CONVERSION = YES;
				CLANG_WARN_NON_LITERAL_NULL_CONVERSION = YES;
				CLANG_WARN_OBJC_IMPLICIT_RETAIN_SELF = YES;
				CLANG_WARN_OBJC_LITERAL_CONVERSION = YES;
				CLANG_WARN_OBJC_ROOT_CLASS = YES_ERROR;
				CLANG_WARN_RANGE_LOOP_ANALYSIS = YES;
				CLANG_WARN_STRICT_PROTOTYPES = YES;
				CLANG_WARN_SUSPICIOUS_MOVE = YES;
				CLANG_WARN_UNREACHABLE_CODE = YES;
				CLANG_WARN__DUPLICATE_METHOD_MATCH = YES;
				CODE_SIGN_ENTITLEMENTS = swatter/swatter.entitlements;
				"CODE_SIGN_IDENTITY[sdk=iphoneos*]" = "iPhone Developer";
				COPY_PHASE_STRIP = NO;
				ENABLE_STRICT_OBJC_MSGSEND = YES;
				ENABLE_TESTABILITY = YES;
				GCC_C_LANGUAGE_STANDARD = gnu99;
				GCC_DYNAMIC_NO_PIC = NO;
				GCC_NO_COMMON_BLOCKS = YES;
				GCC_OPTIMIZATION_LEVEL = 0;
				GCC_PREPROCESSOR_DEFINITIONS = (
					"DEBUG=1",
					"$(inherited)",
				);
				GCC_SYMBOLS_PRIVATE_EXTERN = NO;
				GCC_WARN_64_TO_32_BIT_CONVERSION = YES;
				GCC_WARN_ABOUT_RETURN_TYPE = YES_ERROR;
				GCC_WARN_UNDECLARED_SELECTOR = YES;
				GCC_WARN_UNINITIALIZED_AUTOS = YES_AGGRESSIVE;
				GCC_WARN_UNUSED_FUNCTION = YES;
				GCC_WARN_UNUSED_VARIABLE = YES;
				IPHONEOS_DEPLOYMENT_TARGET = 10.0;
				LD_RUNPATH_SEARCH_PATHS = "/usr/lib/swift $(inherited)";
				LIBRARY_SEARCH_PATHS = (
					"\"$(TOOLCHAIN_DIR)/usr/lib/swift/$(PLATFORM_NAME)\"",
					"\"$(TOOLCHAIN_DIR)/usr/lib/swift-5.0/$(PLATFORM_NAME)\"",
					"\"$(inherited)\"",
				);
				MTL_ENABLE_DEBUG_INFO = YES;
				ONLY_ACTIVE_ARCH = YES;
				SDKROOT = iphoneos;
			};
			name = Debug;
		};
		83CBBA211A601CBA00E9B192 /* Release */ = {
			isa = XCBuildConfiguration;
			buildSettings = {
				ALWAYS_SEARCH_USER_PATHS = NO;
				CLANG_ANALYZER_LOCALIZABILITY_NONLOCALIZED = YES;
				CLANG_CXX_LANGUAGE_STANDARD = "gnu++0x";
				CLANG_CXX_LIBRARY = "libc++";
				CLANG_ENABLE_MODULES = YES;
				CLANG_ENABLE_OBJC_ARC = YES;
				CLANG_WARN_BLOCK_CAPTURE_AUTORELEASING = YES;
				CLANG_WARN_BOOL_CONVERSION = YES;
				CLANG_WARN_COMMA = YES;
				CLANG_WARN_CONSTANT_CONVERSION = YES;
				CLANG_WARN_DEPRECATED_OBJC_IMPLEMENTATIONS = YES;
				CLANG_WARN_DIRECT_OBJC_ISA_USAGE = YES_ERROR;
				CLANG_WARN_EMPTY_BODY = YES;
				CLANG_WARN_ENUM_CONVERSION = YES;
				CLANG_WARN_INFINITE_RECURSION = YES;
				CLANG_WARN_INT_CONVERSION = YES;
				CLANG_WARN_NON_LITERAL_NULL_CONVERSION = YES;
				CLANG_WARN_OBJC_IMPLICIT_RETAIN_SELF = YES;
				CLANG_WARN_OBJC_LITERAL_CONVERSION = YES;
				CLANG_WARN_OBJC_ROOT_CLASS = YES_ERROR;
				CLANG_WARN_RANGE_LOOP_ANALYSIS = YES;
				CLANG_WARN_STRICT_PROTOTYPES = YES;
				CLANG_WARN_SUSPICIOUS_MOVE = YES;
				CLANG_WARN_UNREACHABLE_CODE = YES;
				CLANG_WARN__DUPLICATE_METHOD_MATCH = YES;
				CODE_SIGN_ENTITLEMENTS = swatter/swatter.entitlements;
				"CODE_SIGN_IDENTITY[sdk=iphoneos*]" = "iPhone Developer";
				COPY_PHASE_STRIP = YES;
				ENABLE_NS_ASSERTIONS = NO;
				ENABLE_STRICT_OBJC_MSGSEND = YES;
				GCC_C_LANGUAGE_STANDARD = gnu99;
				GCC_NO_COMMON_BLOCKS = YES;
				GCC_WARN_64_TO_32_BIT_CONVERSION = YES;
				GCC_WARN_ABOUT_RETURN_TYPE = YES_ERROR;
				GCC_WARN_UNDECLARED_SELECTOR = YES;
				GCC_WARN_UNINITIALIZED_AUTOS = YES_AGGRESSIVE;
				GCC_WARN_UNUSED_FUNCTION = YES;
				GCC_WARN_UNUSED_VARIABLE = YES;
				IPHONEOS_DEPLOYMENT_TARGET = 10.0;
				LD_RUNPATH_SEARCH_PATHS = "/usr/lib/swift $(inherited)";
				LIBRARY_SEARCH_PATHS = (
					"\"$(TOOLCHAIN_DIR)/usr/lib/swift/$(PLATFORM_NAME)\"",
					"\"$(TOOLCHAIN_DIR)/usr/lib/swift-5.0/$(PLATFORM_NAME)\"",
					"\"$(inherited)\"",
				);
				MTL_ENABLE_DEBUG_INFO = NO;
				SDKROOT = iphoneos;
				VALIDATE_PRODUCT = YES;
			};
			name = Release;
		};
/* End XCBuildConfiguration section */

/* Begin XCConfigurationList section */
		13B07F931A680F5B00A75B9A /* Build configuration list for PBXNativeTarget "swatter" */ = {
			isa = XCConfigurationList;
			buildConfigurations = (
				13B07F941A680F5B00A75B9A /* Debug */,
				13B07F951A680F5B00A75B9A /* Release */,
			);
			defaultConfigurationIsVisible = 0;
			defaultConfigurationName = Release;
		};
		83CBB9FA1A601CBA00E9B192 /* Build configuration list for PBXProject "swatter" */ = {
			isa = XCConfigurationList;
			buildConfigurations = (
				83CBBA201A601CBA00E9B192 /* Debug */,
				83CBBA211A601CBA00E9B192 /* Release */,
			);
			defaultConfigurationIsVisible = 0;
			defaultConfigurationName = Release;
		};
/* End XCConfigurationList section */
	};
	rootObject = 83CBB9F71A601CBA00E9B192 /* Project object */;
}
